
Microsoft Visual Studio Solution File, Format Version 12.00
# Visual Studio Version 16
VisualStudioVersion = 16.0.31624.102
MinimumVisualStudioVersion = 10.0.40219.1
Project("{9A19103F-16F7-4668-BE54-9A1E7A4F7556}") = "abx.TEROffice.DataReader", "source\abx.TEROffice.Data\abx.TEROffice.DataReader.csproj", "{C8733132-DE11-4C36-B3D5-1DEE519502BF}"
EndProject
Project("{2150E333-8FDC-42A3-9474-1A3956D46DE8}") = "source", "source", "{1A03F3A6-45C8-49C3-A4EB-8F44748BBCF1}"
EndProject
Project("{2150E333-8FDC-42A3-9474-1A3956D46DE8}") = "test", "test", "{37340353-B4E1-4384-B6E1-911D4D0AB4A8}"
EndProject
Project("{9A19103F-16F7-4668-BE54-9A1E7A4F7556}") = "abx.TEROffice.test", "test\abx.TEROffice.test\abx.TEROffice.test.csproj", "{D745D353-8957-4BB3-8CEF-69DDAA1F6DBE}"
EndProject
Project("{9A19103F-16F7-4668-BE54-9A1E7A4F7556}") = "abx.TEROffice.Manager", "source\abx.TEROffice.Main\abx.TEROffice.Manager.csproj", "{FC5E526B-1C7B-48F8-AA58-289D40C56A46}"
EndProject
Project("{9A19103F-16F7-4668-BE54-9A1E7A4F7556}") = "abx.TEROffice.Grundbuchauszug", "source\abx.TEROffice.Grundbuchauszug\abx.TEROffice.Grundbuchauszug.csproj", "{61F3A81B-1C2E-4183-83A4-90B6888008C5}"
EndProject
Project("{9A19103F-16F7-4668-BE54-9A1E7A4F7556}") = "abx.TEROffice.WordGenerator", "source\abx.TEROffice.WordGenerator\abx.TEROffice.WordGenerator.csproj", "{14CB42DE-9FF2-432D-9E43-FDD5F1B04F2E}"
EndProject
Global
	GlobalSection(SolutionConfigurationPlatforms) = preSolution
		Debug|Any CPU = Debug|Any CPU
		Release|Any CPU = Release|Any CPU
	EndGlobalSection
	GlobalSection(ProjectConfigurationPlatforms) = postSolution
		{C8733132-DE11-4C36-B3D5-1DEE519502BF}.Debug|Any CPU.ActiveCfg = Debug|Any CPU
		{C8733132-DE11-4C36-B3D5-1DEE519502BF}.Debug|Any CPU.Build.0 = Debug|Any CPU
		{C8733132-DE11-4C36-B3D5-1DEE519502BF}.Release|Any CPU.ActiveCfg = Release|Any CPU
		{C8733132-DE11-4C36-B3D5-1DEE519502BF}.Release|Any CPU.Build.0 = Release|Any CPU
		{D745D353-8957-4BB3-8CEF-69DDAA1F6DBE}.Debug|Any CPU.ActiveCfg = Debug|Any CPU
		{D745D353-8957-4BB3-8CEF-69DDAA1F6DBE}.Debug|Any CPU.Build.0 = Debug|Any CPU
		{D745D353-8957-4BB3-8CEF-69DDAA1F6DBE}.Release|Any CPU.ActiveCfg = Release|Any CPU
		{D745D353-8957-4BB3-8CEF-69DDAA1F6DBE}.Release|Any CPU.Build.0 = Release|Any CPU
		{FC5E526B-1C7B-48F8-AA58-289D40C56A46}.Debug|Any CPU.ActiveCfg = Debug|Any CPU
		{FC5E526B-1C7B-48F8-AA58-289D40C56A46}.Debug|Any CPU.Build.0 = Debug|Any CPU
		{FC5E526B-1C7B-48F8-AA58-289D40C56A46}.Release|Any CPU.ActiveCfg = Release|Any CPU
		{FC5E526B-1C7B-48F8-AA58-289D40C56A46}.Release|Any CPU.Build.0 = Release|Any CPU
		{61F3A81B-1C2E-4183-83A4-90B6888008C5}.Debug|Any CPU.ActiveCfg = Debug|Any CPU
		{61F3A81B-1C2E-4183-83A4-90B6888008C5}.Debug|Any CPU.Build.0 = Debug|Any CPU
		{61F3A81B-1C2E-4183-83A4-90B6888008C5}.Release|Any CPU.ActiveCfg = Release|Any CPU
		{61F3A81B-1C2E-4183-83A4-90B6888008C5}.Release|Any CPU.Build.0 = Release|Any CPU
		{14CB42DE-9FF2-432D-9E43-FDD5F1B04F2E}.Debug|Any CPU.ActiveCfg = Debug|Any CPU
		{14CB42DE-9FF2-432D-9E43-FDD5F1B04F2E}.Debug|Any CPU.Build.0 = Debug|Any CPU
		{14CB42DE-9FF2-432D-9E43-FDD5F1B04F2E}.Release|Any CPU.ActiveCfg = Release|Any CPU
		{14CB42DE-9FF2-432D-9E43-FDD5F1B04F2E}.Release|Any CPU.Build.0 = Release|Any CPU
	EndGlobalSection
	GlobalSection(SolutionProperties) = preSolution
		HideSolutionNode = FALSE
	EndGlobalSection
	GlobalSection(NestedProjects) = preSolution
		{C8733132-DE11-4C36-B3D5-1DEE519502BF} = {1A03F3A6-45C8-49C3-A4EB-8F44748BBCF1}
		{D745D353-8957-4BB3-8CEF-69DDAA1F6DBE} = {37340353-B4E1-4384-B6E1-911D4D0AB4A8}
		{FC5E526B-1C7B-48F8-AA58-289D40C56A46} = {1A03F3A6-45C8-49C3-A4EB-8F44748BBCF1}
		{61F3A81B-1C2E-4183-83A4-90B6888008C5} = {1A03F3A6-45C8-49C3-A4EB-8F44748BBCF1}
		{14CB42DE-9FF2-432D-9E43-FDD5F1B04F2E} = {1A03F3A6-45C8-49C3-A4EB-8F44748BBCF1}
	EndGlobalSection
	GlobalSection(ExtensibilityGlobals) = postSolution
		SolutionGuid = {CF343375-0847-47A3-A3F5-29D2CE6C47DD}
	EndGlobalSection
EndGlobal
